<?xml version="1.0" encoding="utf-8"?>
<Project ToolsVersion="4.0" xmlns="http://schemas.microsoft.com/developer/msbuild/2003">
  <ItemGroup>
    <Filter Include="Source Files">
      <UniqueIdentifier>{4FC737F1-C7A5-4376-A066-2A32D752A2FF}</UniqueIdentifier>
      <Extensions>cpp;c;cc;cxx;c++;cppm;ixx;def;odl;idl;hpj;bat;asm;asmx</Extensions>
    </Filter>
    <Filter Include="Header Files">
      <UniqueIdentifier>{93995380-89BD-4b04-88EB-625FBE52EBFB}</UniqueIdentifier>
      <Extensions>h;hh;hpp;hxx;h++;hm;inl;inc;ipp;xsd</Extensions>
    </Filter>
    <Filter Include="Resource Files">
      <UniqueIdentifier>{67DA6AB6-F800-4c08-8B7A-83BB121AAD01}</UniqueIdentifier>
      <Extensions>rc;ico;cur;bmp;dlg;rc2;rct;bin;rgs;gif;jpg;jpeg;jpe;resx;tiff;tif;png;wav;mfcribbon-ms</Extensions>
    </Filter>
  </ItemGroup>
  <ItemGroup>
    <ClCompile Include="src\vlm.cpp">
      <Filter>Source Files</Filter>
    </ClCompile>
    <ClCompile Include="src\mesh.cpp">
      <Filter>Source Files</Filter>
    </ClCompile>
    <ClCompile Include="src\panel.cpp">
      <Filter>Source Files</Filter>
    </ClCompile>
    <ClCompile Include="src\plane.cpp">
      <Filter>Source Files</Filter>
    </ClCompile>
    <ClCompile Include="src\pch.cpp">
      <Filter>Source Files</Filter>
    </ClCompile>
    <ClCompile Include="src\aerofoil.cpp">
      <Filter>Source Files</Filter>
    </ClCompile>
    <ClCompile Include="src\viewer.cpp">
      <Filter>Source Files</Filter>
    </ClCompile>
    <ClCompile Include="src\main.cpp">
      <Filter>Source Files</Filter>
    </ClCompile>
    <ClCompile Include="src\wake.cpp">
      <Filter>Source Files</Filter>
    </ClCompile>
  </ItemGroup>
  <ItemGroup>
    <ClInclude Include="src\plane.hpp">
      <Filter>Header Files</Filter>
    </ClInclude>
    <ClInclude Include="src\mesh.hpp">
      <Filter>Header Files</Filter>
    </ClInclude>
    <ClInclude Include="src\panel.hpp">
      <Filter>Header Files</Filter>
    </ClInclude>
    <ClInclude Include="includes\nlohmann\detail\conversions\from_json.hpp">
      <Filter>Header Files</Filter>
    </ClInclude>
    <ClInclude Include="includes\nlohmann\detail\conversions\to_chars.hpp">
      <Filter>Header Files</Filter>
    </ClInclude>
    <ClInclude Include="includes\nlohmann\detail\conversions\to_json.hpp">
      <Filter>Header Files</Filter>
    </ClInclude>
    <ClInclude Include="includes\nlohmann\detail\input\binary_reader.hpp">
      <Filter>Header Files</Filter>
    </ClInclude>
    <ClInclude Include="includes\nlohmann\detail\input\input_adapters.hpp">
      <Filter>Header Files</Filter>
    </ClInclude>
    <ClInclude Include="includes\nlohmann\detail\input\json_sax.hpp">
      <Filter>Header Files</Filter>
    </ClInclude>
    <ClInclude Include="includes\nlohmann\detail\input\lexer.hpp">
      <Filter>Header Files</Filter>
    </ClInclude>
    <ClInclude Include="includes\nlohmann\detail\input\parser.hpp">
      <Filter>Header Files</Filter>
    </ClInclude>
    <ClInclude Include="includes\nlohmann\detail\input\position_t.hpp">
      <Filter>Header Files</Filter>
    </ClInclude>
    <ClInclude Include="includes\nlohmann\detail\iterators\internal_iterator.hpp">
      <Filter>Header Files</Filter>
    </ClInclude>
    <ClInclude Include="includes\nlohmann\detail\iterators\iter_impl.hpp">
      <Filter>Header Files</Filter>
    </ClInclude>
    <ClInclude Include="includes\nlohmann\detail\iterators\iteration_proxy.hpp">
      <Filter>Header Files</Filter>
    </ClInclude>
    <ClInclude Include="includes\nlohmann\detail\iterators\iterator_traits.hpp">
      <Filter>Header Files</Filter>
    </ClInclude>
    <ClInclude Include="includes\nlohmann\detail\iterators\json_reverse_iterator.hpp">
      <Filter>Header Files</Filter>
    </ClInclude>
    <ClInclude Include="includes\nlohmann\detail\iterators\primitive_iterator.hpp">
      <Filter>Header Files</Filter>
    </ClInclude>
    <ClInclude Include="includes\nlohmann\detail\meta\call_std\begin.hpp">
      <Filter>Header Files</Filter>
    </ClInclude>
    <ClInclude Include="includes\nlohmann\detail\meta\call_std\end.hpp">
      <Filter>Header Files</Filter>
    </ClInclude>
    <ClInclude Include="includes\nlohmann\detail\meta\cpp_future.hpp">
      <Filter>Header Files</Filter>
    </ClInclude>
    <ClInclude Include="includes\nlohmann\detail\meta\detected.hpp">
      <Filter>Header Files</Filter>
    </ClInclude>
    <ClInclude Include="includes\nlohmann\detail\meta\identity_tag.hpp">
      <Filter>Header Files</Filter>
    </ClInclude>
    <ClInclude Include="includes\nlohmann\detail\meta\is_sax.hpp">
      <Filter>Header Files</Filter>
    </ClInclude>
    <ClInclude Include="includes\nlohmann\detail\meta\std_fs.hpp">
      <Filter>Header Files</Filter>
    </ClInclude>
    <ClInclude Include="includes\nlohmann\detail\meta\type_traits.hpp">
      <Filter>Header Files</Filter>
    </ClInclude>
    <ClInclude Include="includes\nlohmann\detail\meta\void_t.hpp">
      <Filter>Header Files</Filter>
    </ClInclude>
    <ClInclude Include="includes\nlohmann\detail\output\binary_writer.hpp">
      <Filter>Header Files</Filter>
    </ClInclude>
    <ClInclude Include="includes\nlohmann\detail\output\output_adapters.hpp">
      <Filter>Header Files</Filter>
    </ClInclude>
    <ClInclude Include="includes\nlohmann\detail\output\serializer.hpp">
      <Filter>Header Files</Filter>
    </ClInclude>
    <ClInclude Include="includes\nlohmann\detail\abi_macros.hpp">
      <Filter>Header Files</Filter>
    </ClInclude>
    <ClInclude Include="includes\nlohmann\detail\exceptions.hpp">
      <Filter>Header Files</Filter>
    </ClInclude>
    <ClInclude Include="includes\nlohmann\detail\hash.hpp">
      <Filter>Header Files</Filter>
    </ClInclude>
    <ClInclude Include="includes\nlohmann\detail\json_custom_base_class.hpp">
      <Filter>Header Files</Filter>
    </ClInclude>
    <ClInclude Include="includes\nlohmann\detail\json_pointer.hpp">
      <Filter>Header Files</Filter>
    </ClInclude>
    <ClInclude Include="includes\nlohmann\detail\json_ref.hpp">
      <Filter>Header Files</Filter>
    </ClInclude>
    <ClInclude Include="includes\nlohmann\detail\macro_scope.hpp">
      <Filter>Header Files</Filter>
    </ClInclude>
    <ClInclude Include="includes\nlohmann\detail\macro_unscope.hpp">
      <Filter>Header Files</Filter>
    </ClInclude>
    <ClInclude Include="includes\nlohmann\detail\string_concat.hpp">
      <Filter>Header Files</Filter>
    </ClInclude>
    <ClInclude Include="includes\nlohmann\detail\string_escape.hpp">
      <Filter>Header Files</Filter>
    </ClInclude>
    <ClInclude Include="includes\nlohmann\detail\value_t.hpp">
      <Filter>Header Files</Filter>
    </ClInclude>
    <ClInclude Include="includes\nlohmann\thirdparty\hedley\hedley.hpp">
      <Filter>Header Files</Filter>
    </ClInclude>
    <ClInclude Include="includes\nlohmann\thirdparty\hedley\hedley_undef.hpp">
      <Filter>Header Files</Filter>
    </ClInclude>
    <ClInclude Include="includes\nlohmann\adl_serializer.hpp">
      <Filter>Header Files</Filter>
    </ClInclude>
    <ClInclude Include="includes\nlohmann\byte_container_with_subtype.hpp">
      <Filter>Header Files</Filter>
    </ClInclude>
    <ClInclude Include="includes\nlohmann\json.hpp">
      <Filter>Header Files</Filter>
    </ClInclude>
    <ClInclude Include="includes\nlohmann\json_fwd.hpp">
      <Filter>Header Files</Filter>
    </ClInclude>
    <ClInclude Include="includes\nlohmann\ordered_map.hpp">
      <Filter>Header Files</Filter>
    </ClInclude>
    <ClInclude Include="includes\NumCpp\Coordinates\Coordinate.hpp">
      <Filter>Header Files</Filter>
    </ClInclude>
    <ClInclude Include="includes\NumCpp\Coordinates\Dec.hpp">
      <Filter>Header Files</Filter>
    </ClInclude>
    <ClInclude Include="includes\NumCpp\Coordinates\degreeSeperation.hpp">
      <Filter>Header Files</Filter>
    </ClInclude>
    <ClInclude Include="includes\NumCpp\Coordinates\RA.hpp">
      <Filter>Header Files</Filter>
    </ClInclude>
    <ClInclude Include="includes\NumCpp\Coordinates\radianSeperation.hpp">
      <Filter>Header Files</Filter>
    </ClInclude>
    <ClInclude Include="includes\NumCpp\Core\Internal\Endian.hpp">
      <Filter>Header Files</Filter>
    </ClInclude>
    <ClInclude Include="includes\NumCpp\Core\Internal\Error.hpp">
      <Filter>Header Files</Filter>
    </ClInclude>
    <ClInclude Include="includes\NumCpp\Core\Internal\Filesystem.hpp">
      <Filter>Header Files</Filter>
    </ClInclude>
    <ClInclude Include="includes\NumCpp\Core\Internal\StaticAsserts.hpp">
      <Filter>Header Files</Filter>
    </ClInclude>
    <ClInclude Include="includes\NumCpp\Core\Internal\StdComplexOperators.hpp">
      <Filter>Header Files</Filter>
    </ClInclude>
    <ClInclude Include="includes\NumCpp\Core\Internal\StlAlgorithms.hpp">
      <Filter>Header Files</Filter>
    </ClInclude>
    <ClInclude Include="includes\NumCpp\Core\Internal\TypeTraits.hpp">
      <Filter>Header Files</Filter>
    </ClInclude>
    <ClInclude Include="includes\NumCpp\Core\Internal\Version.hpp">
      <Filter>Header Files</Filter>
    </ClInclude>
    <ClInclude Include="includes\NumCpp\Core\Constants.hpp">
      <Filter>Header Files</Filter>
    </ClInclude>
    <ClInclude Include="includes\NumCpp\Core\DataCube.hpp">
      <Filter>Header Files</Filter>
    </ClInclude>
    <ClInclude Include="includes\NumCpp\Core\DtypeInfo.hpp">
      <Filter>Header Files</Filter>
    </ClInclude>
    <ClInclude Include="includes\NumCpp\Core\Shape.hpp">
      <Filter>Header Files</Filter>
    </ClInclude>
    <ClInclude Include="includes\NumCpp\Core\Slice.hpp">
      <Filter>Header Files</Filter>
    </ClInclude>
    <ClInclude Include="includes\NumCpp\Core\Timer.hpp">
      <Filter>Header Files</Filter>
    </ClInclude>
    <ClInclude Include="includes\NumCpp\Core\Types.hpp">
      <Filter>Header Files</Filter>
    </ClInclude>
    <ClInclude Include="includes\NumCpp\Filter\Boundaries\Boundaries1d\addBoundary1d.hpp">
      <Filter>Header Files</Filter>
    </ClInclude>
    <ClInclude Include="includes\NumCpp\Filter\Boundaries\Boundaries1d\constant1d.hpp">
      <Filter>Header Files</Filter>
    </ClInclude>
    <ClInclude Include="includes\NumCpp\Filter\Boundaries\Boundaries1d\mirror1d.hpp">
      <Filter>Header Files</Filter>
    </ClInclude>
    <ClInclude Include="includes\NumCpp\Filter\Boundaries\Boundaries1d\nearest1d.hpp">
      <Filter>Header Files</Filter>
    </ClInclude>
    <ClInclude Include="includes\NumCpp\Filter\Boundaries\Boundaries1d\reflect1d.hpp">
      <Filter>Header Files</Filter>
    </ClInclude>
    <ClInclude Include="includes\NumCpp\Filter\Boundaries\Boundaries1d\trimBoundary1d.hpp">
      <Filter>Header Files</Filter>
    </ClInclude>
    <ClInclude Include="includes\NumCpp\Filter\Boundaries\Boundaries1d\wrap1d.hpp">
      <Filter>Header Files</Filter>
    </ClInclude>
    <ClInclude Include="includes\NumCpp\Filter\Boundaries\Boundaries2d\addBoundary2d.hpp">
      <Filter>Header Files</Filter>
    </ClInclude>
    <ClInclude Include="includes\NumCpp\Filter\Boundaries\Boundaries2d\constant2d.hpp">
      <Filter>Header Files</Filter>
    </ClInclude>
    <ClInclude Include="includes\NumCpp\Filter\Boundaries\Boundaries2d\fillCorners.hpp">
      <Filter>Header Files</Filter>
    </ClInclude>
    <ClInclude Include="includes\NumCpp\Filter\Boundaries\Boundaries2d\mirror2d.hpp">
      <Filter>Header Files</Filter>
    </ClInclude>
    <ClInclude Include="includes\NumCpp\Filter\Boundaries\Boundaries2d\nearest2d.hpp">
      <Filter>Header Files</Filter>
    </ClInclude>
    <ClInclude Include="includes\NumCpp\Filter\Boundaries\Boundaries2d\reflect2d.hpp">
      <Filter>Header Files</Filter>
    </ClInclude>
    <ClInclude Include="includes\NumCpp\Filter\Boundaries\Boundaries2d\trimBoundary2d.hpp">
      <Filter>Header Files</Filter>
    </ClInclude>
    <ClInclude Include="includes\NumCpp\Filter\Boundaries\Boundaries2d\wrap2d.hpp">
      <Filter>Header Files</Filter>
    </ClInclude>
    <ClInclude Include="includes\NumCpp\Filter\Boundaries\Boundary.hpp">
      <Filter>Header Files</Filter>
    </ClInclude>
    <ClInclude Include="includes\NumCpp\Filter\Filters\Filters1d\complementaryMedianFilter1d.hpp">
      <Filter>Header Files</Filter>
    </ClInclude>
    <ClInclude Include="includes\NumCpp\Filter\Filters\Filters1d\convolve1d.hpp">
      <Filter>Header Files</Filter>
    </ClInclude>
    <ClInclude Include="includes\NumCpp\Filter\Filters\Filters1d\gaussianFilter1d.hpp">
      <Filter>Header Files</Filter>
    </ClInclude>
    <ClInclude Include="includes\NumCpp\Filter\Filters\Filters1d\maximumFilter1d.hpp">
      <Filter>Header Files</Filter>
    </ClInclude>
    <ClInclude Include="includes\NumCpp\Filter\Filters\Filters1d\medianFilter1d.hpp">
      <Filter>Header Files</Filter>
    </ClInclude>
    <ClInclude Include="includes\NumCpp\Filter\Filters\Filters1d\minimumFilter1d.hpp">
      <Filter>Header Files</Filter>
    </ClInclude>
    <ClInclude Include="includes\NumCpp\Filter\Filters\Filters1d\percentileFilter1d.hpp">
      <Filter>Header Files</Filter>
    </ClInclude>
    <ClInclude Include="includes\NumCpp\Filter\Filters\Filters1d\rankFilter1d.hpp">
      <Filter>Header Files</Filter>
    </ClInclude>
    <ClInclude Include="includes\NumCpp\Filter\Filters\Filters1d\uniformFilter1d.hpp">
      <Filter>Header Files</Filter>
    </ClInclude>
    <ClInclude Include="includes\NumCpp\Filter\Filters\Filters2d\complementaryMedianFilter.hpp">
      <Filter>Header Files</Filter>
    </ClInclude>
    <ClInclude Include="includes\NumCpp\Filter\Filters\Filters2d\convolve.hpp">
      <Filter>Header Files</Filter>
    </ClInclude>
    <ClInclude Include="includes\NumCpp\Filter\Filters\Filters2d\gaussianFilter.hpp">
      <Filter>Header Files</Filter>
    </ClInclude>
    <ClInclude Include="includes\NumCpp\Filter\Filters\Filters2d\laplace.hpp">
      <Filter>Header Files</Filter>
    </ClInclude>
    <ClInclude Include="includes\NumCpp\Filter\Filters\Filters2d\maximumFilter.hpp">
      <Filter>Header Files</Filter>
    </ClInclude>
    <ClInclude Include="includes\NumCpp\Filter\Filters\Filters2d\medianFilter.hpp">
      <Filter>Header Files</Filter>
    </ClInclude>
    <ClInclude Include="includes\NumCpp\Filter\Filters\Filters2d\minimumFilter.hpp">
      <Filter>Header Files</Filter>
    </ClInclude>
    <ClInclude Include="includes\NumCpp\Filter\Filters\Filters2d\percentileFilter.hpp">
      <Filter>Header Files</Filter>
    </ClInclude>
    <ClInclude Include="includes\NumCpp\Filter\Filters\Filters2d\rankFilter.hpp">
      <Filter>Header Files</Filter>
    </ClInclude>
    <ClInclude Include="includes\NumCpp\Filter\Filters\Filters2d\uniformFilter.hpp">
      <Filter>Header Files</Filter>
    </ClInclude>
    <ClInclude Include="includes\NumCpp\Functions\abs.hpp">
      <Filter>Header Files</Filter>
    </ClInclude>
    <ClInclude Include="includes\NumCpp\Functions\add.hpp">
      <Filter>Header Files</Filter>
    </ClInclude>
    <ClInclude Include="includes\NumCpp\Functions\alen.hpp">
      <Filter>Header Files</Filter>
    </ClInclude>
    <ClInclude Include="includes\NumCpp\Functions\all.hpp">
      <Filter>Header Files</Filter>
    </ClInclude>
    <ClInclude Include="includes\NumCpp\Functions\allclose.hpp">
      <Filter>Header Files</Filter>
    </ClInclude>
    <ClInclude Include="includes\NumCpp\Functions\amax.hpp">
      <Filter>Header Files</Filter>
    </ClInclude>
    <ClInclude Include="includes\NumCpp\Functions\amin.hpp">
      <Filter>Header Files</Filter>
    </ClInclude>
    <ClInclude Include="includes\NumCpp\Functions\angle.hpp">
      <Filter>Header Files</Filter>
    </ClInclude>
    <ClInclude Include="includes\NumCpp\Functions\any.hpp">
      <Filter>Header Files</Filter>
    </ClInclude>
    <ClInclude Include="includes\NumCpp\Functions\append.hpp">
      <Filter>Header Files</Filter>
    </ClInclude>
    <ClInclude Include="includes\NumCpp\Functions\applyFunction.hpp">
      <Filter>Header Files</Filter>
    </ClInclude>
    <ClInclude Include="includes\NumCpp\Functions\applyPoly1d.hpp">
      <Filter>Header Files</Filter>
    </ClInclude>
    <ClInclude Include="includes\NumCpp\Functions\arange.hpp">
      <Filter>Header Files</Filter>
    </ClInclude>
    <ClInclude Include="includes\NumCpp\Functions\arccos.hpp">
      <Filter>Header Files</Filter>
    </ClInclude>
    <ClInclude Include="includes\NumCpp\Functions\arccosh.hpp">
      <Filter>Header Files</Filter>
    </ClInclude>
    <ClInclude Include="includes\NumCpp\Functions\arcsin.hpp">
      <Filter>Header Files</Filter>
    </ClInclude>
    <ClInclude Include="includes\NumCpp\Functions\arcsinh.hpp">
      <Filter>Header Files</Filter>
    </ClInclude>
    <ClInclude Include="includes\NumCpp\Functions\arctan.hpp">
      <Filter>Header Files</Filter>
    </ClInclude>
    <ClInclude Include="includes\NumCpp\Functions\arctan2.hpp">
      <Filter>Header Files</Filter>
    </ClInclude>
    <ClInclude Include="includes\NumCpp\Functions\arctanh.hpp">
      <Filter>Header Files</Filter>
    </ClInclude>
    <ClInclude Include="includes\NumCpp\Functions\argmax.hpp">
      <Filter>Header Files</Filter>
    </ClInclude>
    <ClInclude Include="includes\NumCpp\Functions\argmin.hpp">
      <Filter>Header Files</Filter>
    </ClInclude>
    <ClInclude Include="includes\NumCpp\Functions\argsort.hpp">
      <Filter>Header Files</Filter>
    </ClInclude>
    <ClInclude Include="includes\NumCpp\Functions\argwhere.hpp">
      <Filter>Header Files</Filter>
    </ClInclude>
    <ClInclude Include="includes\NumCpp\Functions\around.hpp">
      <Filter>Header Files</Filter>
    </ClInclude>
    <ClInclude Include="includes\NumCpp\Functions\array_equal.hpp">
      <Filter>Header Files</Filter>
    </ClInclude>
    <ClInclude Include="includes\NumCpp\Functions\array_equiv.hpp">
      <Filter>Header Files</Filter>
    </ClInclude>
    <ClInclude Include="includes\NumCpp\Functions\asarray.hpp">
      <Filter>Header Files</Filter>
    </ClInclude>
    <ClInclude Include="includes\NumCpp\Functions\astype.hpp">
      <Filter>Header Files</Filter>
    </ClInclude>
    <ClInclude Include="includes\NumCpp\Functions\average.hpp">
      <Filter>Header Files</Filter>
    </ClInclude>
    <ClInclude Include="includes\NumCpp\Functions\bartlett.hpp">
      <Filter>Header Files</Filter>
    </ClInclude>
    <ClInclude Include="includes\NumCpp\Functions\binaryRepr.hpp">
      <Filter>Header Files</Filter>
    </ClInclude>
    <ClInclude Include="includes\NumCpp\Functions\bincount.hpp">
      <Filter>Header Files</Filter>
    </ClInclude>
    <ClInclude Include="includes\NumCpp\Functions\bit_count.hpp">
      <Filter>Header Files</Filter>
    </ClInclude>
    <ClInclude Include="includes\NumCpp\Functions\bitwise_and.hpp">
      <Filter>Header Files</Filter>
    </ClInclude>
    <ClInclude Include="includes\NumCpp\Functions\bitwise_not.hpp">
      <Filter>Header Files</Filter>
    </ClInclude>
    <ClInclude Include="includes\NumCpp\Functions\bitwise_or.hpp">
      <Filter>Header Files</Filter>
    </ClInclude>
    <ClInclude Include="includes\NumCpp\Functions\bitwise_xor.hpp">
      <Filter>Header Files</Filter>
    </ClInclude>
    <ClInclude Include="includes\NumCpp\Functions\blackman.hpp">
      <Filter>Header Files</Filter>
    </ClInclude>
    <ClInclude Include="includes\NumCpp\Functions\byteswap.hpp">
      <Filter>Header Files</Filter>
    </ClInclude>
    <ClInclude Include="includes\NumCpp\Functions\cbrt.hpp">
      <Filter>Header Files</Filter>
    </ClInclude>
    <ClInclude Include="includes\NumCpp\Functions\ceil.hpp">
      <Filter>Header Files</Filter>
    </ClInclude>
    <ClInclude Include="includes\NumCpp\Functions\centerOfMass.hpp">
      <Filter>Header Files</Filter>
    </ClInclude>
    <ClInclude Include="includes\NumCpp\Functions\clip.hpp">
      <Filter>Header Files</Filter>
    </ClInclude>
    <ClInclude Include="includes\NumCpp\Functions\column_stack.hpp">
      <Filter>Header Files</Filter>
    </ClInclude>
    <ClInclude Include="includes\NumCpp\Functions\complex.hpp">
      <Filter>Header Files</Filter>
    </ClInclude>
    <ClInclude Include="includes\NumCpp\Functions\concatenate.hpp">
      <Filter>Header Files</Filter>
    </ClInclude>
    <ClInclude Include="includes\NumCpp\Functions\conj.hpp">
      <Filter>Header Files</Filter>
    </ClInclude>
    <ClInclude Include="includes\NumCpp\Functions\contains.hpp">
      <Filter>Header Files</Filter>
    </ClInclude>
    <ClInclude Include="includes\NumCpp\Functions\copy.hpp">
      <Filter>Header Files</Filter>
    </ClInclude>
    <ClInclude Include="includes\NumCpp\Functions\copySign.hpp">
      <Filter>Header Files</Filter>
    </ClInclude>
    <ClInclude Include="includes\NumCpp\Functions\copyto.hpp">
      <Filter>Header Files</Filter>
    </ClInclude>
    <ClInclude Include="includes\NumCpp\Functions\corrcoef.hpp">
      <Filter>Header Files</Filter>
    </ClInclude>
    <ClInclude Include="includes\NumCpp\Functions\cos.hpp">
      <Filter>Header Files</Filter>
    </ClInclude>
    <ClInclude Include="includes\NumCpp\Functions\cosh.hpp">
      <Filter>Header Files</Filter>
    </ClInclude>
    <ClInclude Include="includes\NumCpp\Functions\count_nonzero.hpp">
      <Filter>Header Files</Filter>
    </ClInclude>
    <ClInclude Include="includes\NumCpp\Functions\cov.hpp">
      <Filter>Header Files</Filter>
    </ClInclude>
    <ClInclude Include="includes\NumCpp\Functions\cov_inv.hpp">
      <Filter>Header Files</Filter>
    </ClInclude>
    <ClInclude Include="includes\NumCpp\Functions\cross.hpp">
      <Filter>Header Files</Filter>
    </ClInclude>
    <ClInclude Include="includes\NumCpp\Functions\cube.hpp">
      <Filter>Header Files</Filter>
    </ClInclude>
    <ClInclude Include="includes\NumCpp\Functions\cumprod.hpp">
      <Filter>Header Files</Filter>
    </ClInclude>
    <ClInclude Include="includes\NumCpp\Functions\cumsum.hpp">
      <Filter>Header Files</Filter>
    </ClInclude>
    <ClInclude Include="includes\NumCpp\Functions\deg2rad.hpp">
      <Filter>Header Files</Filter>
    </ClInclude>
    <ClInclude Include="includes\NumCpp\Functions\degrees.hpp">
      <Filter>Header Files</Filter>
    </ClInclude>
    <ClInclude Include="includes\NumCpp\Functions\deleteIndices.hpp">
      <Filter>Header Files</Filter>
    </ClInclude>
    <ClInclude Include="includes\NumCpp\Functions\diag.hpp">
      <Filter>Header Files</Filter>
    </ClInclude>
    <ClInclude Include="includes\NumCpp\Functions\diagflat.hpp">
      <Filter>Header Files</Filter>
    </ClInclude>
    <ClInclude Include="includes\NumCpp\Functions\diagonal.hpp">
      <Filter>Header Files</Filter>
    </ClInclude>
    <ClInclude Include="includes\NumCpp\Functions\diff.hpp">
      <Filter>Header Files</Filter>
    </ClInclude>
    <ClInclude Include="includes\NumCpp\Functions\divide.hpp">
      <Filter>Header Files</Filter>
    </ClInclude>
    <ClInclude Include="includes\NumCpp\Functions\dot.hpp">
      <Filter>Header Files</Filter>
    </ClInclude>
    <ClInclude Include="includes\NumCpp\Functions\dump.hpp">
      <Filter>Header Files</Filter>
    </ClInclude>
    <ClInclude Include="includes\NumCpp\Functions\empty.hpp">
      <Filter>Header Files</Filter>
    </ClInclude>
    <ClInclude Include="includes\NumCpp\Functions\empty_like.hpp">
      <Filter>Header Files</Filter>
    </ClInclude>
    <ClInclude Include="includes\NumCpp\Functions\endianess.hpp">
      <Filter>Header Files</Filter>
    </ClInclude>
    <ClInclude Include="includes\NumCpp\Functions\equal.hpp">
      <Filter>Header Files</Filter>
    </ClInclude>
    <ClInclude Include="includes\NumCpp\Functions\exp.hpp">
      <Filter>Header Files</Filter>
    </ClInclude>
    <ClInclude Include="includes\NumCpp\Functions\exp2.hpp">
      <Filter>Header Files</Filter>
    </ClInclude>
    <ClInclude Include="includes\NumCpp\Functions\expm1.hpp">
      <Filter>Header Files</Filter>
    </ClInclude>
    <ClInclude Include="includes\NumCpp\Functions\extract.hpp">
      <Filter>Header Files</Filter>
    </ClInclude>
    <ClInclude Include="includes\NumCpp\Functions\eye.hpp">
      <Filter>Header Files</Filter>
    </ClInclude>
    <ClInclude Include="includes\NumCpp\Functions\fillDiagnol.hpp">
      <Filter>Header Files</Filter>
    </ClInclude>
    <ClInclude Include="includes\NumCpp\Functions\find.hpp">
      <Filter>Header Files</Filter>
    </ClInclude>
    <ClInclude Include="includes\NumCpp\Functions\fix.hpp">
      <Filter>Header Files</Filter>
    </ClInclude>
    <ClInclude Include="includes\NumCpp\Functions\flatnonzero.hpp">
      <Filter>Header Files</Filter>
    </ClInclude>
    <ClInclude Include="includes\NumCpp\Functions\flatten.hpp">
      <Filter>Header Files</Filter>
    </ClInclude>
    <ClInclude Include="includes\NumCpp\Functions\flip.hpp">
      <Filter>Header Files</Filter>
    </ClInclude>
    <ClInclude Include="includes\NumCpp\Functions\fliplr.hpp">
      <Filter>Header Files</Filter>
    </ClInclude>
    <ClInclude Include="includes\NumCpp\Functions\flipud.hpp">
      <Filter>Header Files</Filter>
    </ClInclude>
    <ClInclude Include="includes\NumCpp\Functions\floor.hpp">
      <Filter>Header Files</Filter>
    </ClInclude>
    <ClInclude Include="includes\NumCpp\Functions\floor_divide.hpp">
      <Filter>Header Files</Filter>
    </ClInclude>
    <ClInclude Include="includes\NumCpp\Functions\fmax.hpp">
      <Filter>Header Files</Filter>
    </ClInclude>
    <ClInclude Include="includes\NumCpp\Functions\fmin.hpp">
      <Filter>Header Files</Filter>
    </ClInclude>
    <ClInclude Include="includes\NumCpp\Functions\fmod.hpp">
      <Filter>Header Files</Filter>
    </ClInclude>
    <ClInclude Include="includes\NumCpp\Functions\frombuffer.hpp">
      <Filter>Header Files</Filter>
    </ClInclude>
    <ClInclude Include="includes\NumCpp\Functions\fromfile.hpp">
      <Filter>Header Files</Filter>
    </ClInclude>
    <ClInclude Include="includes\NumCpp\Functions\fromiter.hpp">
      <Filter>Header Files</Filter>
    </ClInclude>
    <ClInclude Include="includes\NumCpp\Functions\full.hpp">
      <Filter>Header Files</Filter>
    </ClInclude>
    <ClInclude Include="includes\NumCpp\Functions\full_like.hpp">
      <Filter>Header Files</Filter>
    </ClInclude>
    <ClInclude Include="includes\NumCpp\Functions\gcd.hpp">
      <Filter>Header Files</Filter>
    </ClInclude>
    <ClInclude Include="includes\NumCpp\Functions\geomspace.hpp">
      <Filter>Header Files</Filter>
    </ClInclude>
    <ClInclude Include="includes\NumCpp\Functions\gradient.hpp">
      <Filter>Header Files</Filter>
    </ClInclude>
    <ClInclude Include="includes\NumCpp\Functions\greater.hpp">
      <Filter>Header Files</Filter>
    </ClInclude>
    <ClInclude Include="includes\NumCpp\Functions\greater_equal.hpp">
      <Filter>Header Files</Filter>
    </ClInclude>
    <ClInclude Include="includes\NumCpp\Functions\hamming.hpp">
      <Filter>Header Files</Filter>
    </ClInclude>
    <ClInclude Include="includes\NumCpp\Functions\hammingEncode.hpp">
      <Filter>Header Files</Filter>
    </ClInclude>
    <ClInclude Include="includes\NumCpp\Functions\hanning.hpp">
      <Filter>Header Files</Filter>
    </ClInclude>
    <ClInclude Include="includes\NumCpp\Functions\histogram.hpp">
      <Filter>Header Files</Filter>
    </ClInclude>
    <ClInclude Include="includes\NumCpp\Functions\hstack.hpp">
      <Filter>Header Files</Filter>
    </ClInclude>
    <ClInclude Include="includes\NumCpp\Functions\hypot.hpp">
      <Filter>Header Files</Filter>
    </ClInclude>
    <ClInclude Include="includes\NumCpp\Functions\identity.hpp">
      <Filter>Header Files</Filter>
    </ClInclude>
    <ClInclude Include="includes\NumCpp\Functions\imag.hpp">
      <Filter>Header Files</Filter>
    </ClInclude>
    <ClInclude Include="includes\NumCpp\Functions\inner.hpp">
      <Filter>Header Files</Filter>
    </ClInclude>
    <ClInclude Include="includes\NumCpp\Functions\interp.hpp">
      <Filter>Header Files</Filter>
    </ClInclude>
    <ClInclude Include="includes\NumCpp\Functions\intersect1d.hpp">
      <Filter>Header Files</Filter>
    </ClInclude>
    <ClInclude Include="includes\NumCpp\Functions\invert.hpp">
      <Filter>Header Files</Filter>
    </ClInclude>
    <ClInclude Include="includes\NumCpp\Functions\isclose.hpp">
      <Filter>Header Files</Filter>
    </ClInclude>
    <ClInclude Include="includes\NumCpp\Functions\isinf.hpp">
      <Filter>Header Files</Filter>
    </ClInclude>
    <ClInclude Include="includes\NumCpp\Functions\isnan.hpp">
      <Filter>Header Files</Filter>
    </ClInclude>
    <ClInclude Include="includes\NumCpp\Functions\isneginf.hpp">
      <Filter>Header Files</Filter>
    </ClInclude>
    <ClInclude Include="includes\NumCpp\Functions\isposinf.hpp">
      <Filter>Header Files</Filter>
    </ClInclude>
    <ClInclude Include="includes\NumCpp\Functions\kaiser.hpp">
      <Filter>Header Files</Filter>
    </ClInclude>
    <ClInclude Include="includes\NumCpp\Functions\lcm.hpp">
      <Filter>Header Files</Filter>
    </ClInclude>
    <ClInclude Include="includes\NumCpp\Functions\ldexp.hpp">
      <Filter>Header Files</Filter>
    </ClInclude>
    <ClInclude Include="includes\NumCpp\Functions\left_shift.hpp">
      <Filter>Header Files</Filter>
    </ClInclude>
    <ClInclude Include="includes\NumCpp\Functions\less.hpp">
      <Filter>Header Files</Filter>
    </ClInclude>
    <ClInclude Include="includes\NumCpp\Functions\less_equal.hpp">
      <Filter>Header Files</Filter>
    </ClInclude>
    <ClInclude Include="includes\NumCpp\Functions\linspace.hpp">
      <Filter>Header Files</Filter>
    </ClInclude>
    <ClInclude Include="includes\NumCpp\Functions\load.hpp">
      <Filter>Header Files</Filter>
    </ClInclude>
    <ClInclude Include="includes\NumCpp\Functions\log.hpp">
      <Filter>Header Files</Filter>
    </ClInclude>
    <ClInclude Include="includes\NumCpp\Functions\log1p.hpp">
      <Filter>Header Files</Filter>
    </ClInclude>
    <ClInclude Include="includes\NumCpp\Functions\log2.hpp">
      <Filter>Header Files</Filter>
    </ClInclude>
    <ClInclude Include="includes\NumCpp\Functions\log10.hpp">
      <Filter>Header Files</Filter>
    </ClInclude>
    <ClInclude Include="includes\NumCpp\Functions\logb.hpp">
      <Filter>Header Files</Filter>
    </ClInclude>
    <ClInclude Include="includes\NumCpp\Functions\logical_and.hpp">
      <Filter>Header Files</Filter>
    </ClInclude>
    <ClInclude Include="includes\NumCpp\Functions\logical_not.hpp">
      <Filter>Header Files</Filter>
    </ClInclude>
    <ClInclude Include="includes\NumCpp\Functions\logical_or.hpp">
      <Filter>Header Files</Filter>
    </ClInclude>
    <ClInclude Include="includes\NumCpp\Functions\logical_xor.hpp">
      <Filter>Header Files</Filter>
    </ClInclude>
    <ClInclude Include="includes\NumCpp\Functions\logspace.hpp">
      <Filter>Header Files</Filter>
    </ClInclude>
    <ClInclude Include="includes\NumCpp\Functions\matmul.hpp">
      <Filter>Header Files</Filter>
    </ClInclude>
    <ClInclude Include="includes\NumCpp\Functions\max.hpp">
      <Filter>Header Files</Filter>
    </ClInclude>
    <ClInclude Include="includes\NumCpp\Functions\maximum.hpp">
      <Filter>Header Files</Filter>
    </ClInclude>
    <ClInclude Include="includes\NumCpp\Functions\mean.hpp">
      <Filter>Header Files</Filter>
    </ClInclude>
    <ClInclude Include="includes\NumCpp\Functions\median.hpp">
      <Filter>Header Files</Filter>
    </ClInclude>
    <ClInclude Include="includes\NumCpp\Functions\meshgrid.hpp">
      <Filter>Header Files</Filter>
    </ClInclude>
    <ClInclude Include="includes\NumCpp\Functions\min.hpp">
      <Filter>Header Files</Filter>
    </ClInclude>
    <ClInclude Include="includes\NumCpp\Functions\minimum.hpp">
      <Filter>Header Files</Filter>
    </ClInclude>
    <ClInclude Include="includes\NumCpp\Functions\mod.hpp">
      <Filter>Header Files</Filter>
    </ClInclude>
    <ClInclude Include="includes\NumCpp\Functions\multiply.hpp">
      <Filter>Header Files</Filter>
    </ClInclude>
    <ClInclude Include="includes\NumCpp\Functions\nan_to_num.hpp">
      <Filter>Header Files</Filter>
    </ClInclude>
    <ClInclude Include="includes\NumCpp\Functions\nanargmax.hpp">
      <Filter>Header Files</Filter>
    </ClInclude>
    <ClInclude Include="includes\NumCpp\Functions\nanargmin.hpp">
      <Filter>Header Files</Filter>
    </ClInclude>
    <ClInclude Include="includes\NumCpp\Functions\nancumprod.hpp">
      <Filter>Header Files</Filter>
    </ClInclude>
    <ClInclude Include="includes\NumCpp\Functions\nancumsum.hpp">
      <Filter>Header Files</Filter>
    </ClInclude>
    <ClInclude Include="includes\NumCpp\Functions\nanmax.hpp">
      <Filter>Header Files</Filter>
    </ClInclude>
    <ClInclude Include="includes\NumCpp\Functions\nanmean.hpp">
      <Filter>Header Files</Filter>
    </ClInclude>
    <ClInclude Include="includes\NumCpp\Functions\nanmedian.hpp">
      <Filter>Header Files</Filter>
    </ClInclude>
    <ClInclude Include="includes\NumCpp\Functions\nanmin.hpp">
      <Filter>Header Files</Filter>
    </ClInclude>
    <ClInclude Include="includes\NumCpp\Functions\nanpercentile.hpp">
      <Filter>Header Files</Filter>
    </ClInclude>
    <ClInclude Include="includes\NumCpp\Functions\nanprod.hpp">
      <Filter>Header Files</Filter>
    </ClInclude>
    <ClInclude Include="includes\NumCpp\Functions\nans.hpp">
      <Filter>Header Files</Filter>
    </ClInclude>
    <ClInclude Include="includes\NumCpp\Functions\nans_like.hpp">
      <Filter>Header Files</Filter>
    </ClInclude>
    <ClInclude Include="includes\NumCpp\Functions\nanstdev.hpp">
      <Filter>Header Files</Filter>
    </ClInclude>
    <ClInclude Include="includes\NumCpp\Functions\nansum.hpp">
      <Filter>Header Files</Filter>
    </ClInclude>
    <ClInclude Include="includes\NumCpp\Functions\nanvar.hpp">
      <Filter>Header Files</Filter>
    </ClInclude>
    <ClInclude Include="includes\NumCpp\Functions\nbytes.hpp">
      <Filter>Header Files</Filter>
    </ClInclude>
    <ClInclude Include="includes\NumCpp\Functions\negative.hpp">
      <Filter>Header Files</Filter>
    </ClInclude>
    <ClInclude Include="includes\NumCpp\Functions\newbyteorder.hpp">
      <Filter>Header Files</Filter>
    </ClInclude>
    <ClInclude Include="includes\NumCpp\Functions\none.hpp">
      <Filter>Header Files</Filter>
    </ClInclude>
    <ClInclude Include="includes\NumCpp\Functions\nonzero.hpp">
      <Filter>Header Files</Filter>
    </ClInclude>
    <ClInclude Include="includes\NumCpp\Functions\norm.hpp">
      <Filter>Header Files</Filter>
    </ClInclude>
    <ClInclude Include="includes\NumCpp\Functions\not_equal.hpp">
      <Filter>Header Files</Filter>
    </ClInclude>
    <ClInclude Include="includes\NumCpp\Functions\nth_root.hpp">
      <Filter>Header Files</Filter>
    </ClInclude>
    <ClInclude Include="includes\NumCpp\Functions\ones.hpp">
      <Filter>Header Files</Filter>
    </ClInclude>
    <ClInclude Include="includes\NumCpp\Functions\ones_like.hpp">
      <Filter>Header Files</Filter>
    </ClInclude>
    <ClInclude Include="includes\NumCpp\Functions\outer.hpp">
      <Filter>Header Files</Filter>
    </ClInclude>
    <ClInclude Include="includes\NumCpp\Functions\pad.hpp">
      <Filter>Header Files</Filter>
    </ClInclude>
    <ClInclude Include="includes\NumCpp\Functions\partition.hpp">
      <Filter>Header Files</Filter>
    </ClInclude>
    <ClInclude Include="includes\NumCpp\Functions\percentile.hpp">
      <Filter>Header Files</Filter>
    </ClInclude>
    <ClInclude Include="includes\NumCpp\Functions\place.hpp">
      <Filter>Header Files</Filter>
    </ClInclude>
    <ClInclude Include="includes\NumCpp\Functions\polar.hpp">
      <Filter>Header Files</Filter>
    </ClInclude>
    <ClInclude Include="includes\NumCpp\Functions\power.hpp">
      <Filter>Header Files</Filter>
    </ClInclude>
    <ClInclude Include="includes\NumCpp\Functions\powerf.hpp">
      <Filter>Header Files</Filter>
    </ClInclude>
    <ClInclude Include="includes\NumCpp\Functions\print.hpp">
      <Filter>Header Files</Filter>
    </ClInclude>
    <ClInclude Include="includes\NumCpp\Functions\prod.hpp">
      <Filter>Header Files</Filter>
    </ClInclude>
    <ClInclude Include="includes\NumCpp\Functions\proj.hpp">
      <Filter>Header Files</Filter>
    </ClInclude>
    <ClInclude Include="includes\NumCpp\Functions\ptp.hpp">
      <Filter>Header Files</Filter>
    </ClInclude>
    <ClInclude Include="includes\NumCpp\Functions\put.hpp">
      <Filter>Header Files</Filter>
    </ClInclude>
    <ClInclude Include="includes\NumCpp\Functions\putmask.hpp">
      <Filter>Header Files</Filter>
    </ClInclude>
    <ClInclude Include="includes\NumCpp\Functions\rad2deg.hpp">
      <Filter>Header Files</Filter>
    </ClInclude>
    <ClInclude Include="includes\NumCpp\Functions\radians.hpp">
      <Filter>Header Files</Filter>
    </ClInclude>
    <ClInclude Include="includes\NumCpp\Functions\ravel.hpp">
      <Filter>Header Files</Filter>
    </ClInclude>
    <ClInclude Include="includes\NumCpp\Functions\real.hpp">
      <Filter>Header Files</Filter>
    </ClInclude>
    <ClInclude Include="includes\NumCpp\Functions\reciprocal.hpp">
      <Filter>Header Files</Filter>
    </ClInclude>
    <ClInclude Include="includes\NumCpp\Functions\remainder.hpp">
      <Filter>Header Files</Filter>
    </ClInclude>
    <ClInclude Include="includes\NumCpp\Functions\repeat.hpp">
      <Filter>Header Files</Filter>
    </ClInclude>
    <ClInclude Include="includes\NumCpp\Functions\replace.hpp">
      <Filter>Header Files</Filter>
    </ClInclude>
    <ClInclude Include="includes\NumCpp\Functions\reshape.hpp">
      <Filter>Header Files</Filter>
    </ClInclude>
    <ClInclude Include="includes\NumCpp\Functions\resizeFast.hpp">
      <Filter>Header Files</Filter>
    </ClInclude>
    <ClInclude Include="includes\NumCpp\Functions\resizeSlow.hpp">
      <Filter>Header Files</Filter>
    </ClInclude>
    <ClInclude Include="includes\NumCpp\Functions\right_shift.hpp">
      <Filter>Header Files</Filter>
    </ClInclude>
    <ClInclude Include="includes\NumCpp\Functions\rint.hpp">
      <Filter>Header Files</Filter>
    </ClInclude>
    <ClInclude Include="includes\NumCpp\Functions\rms.hpp">
      <Filter>Header Files</Filter>
    </ClInclude>
    <ClInclude Include="includes\NumCpp\Functions\roll.hpp">
      <Filter>Header Files</Filter>
    </ClInclude>
    <ClInclude Include="includes\NumCpp\Functions\rot90.hpp">
      <Filter>Header Files</Filter>
    </ClInclude>
    <ClInclude Include="includes\NumCpp\Functions\round.hpp">
      <Filter>Header Files</Filter>
    </ClInclude>
    <ClInclude Include="includes\NumCpp\Functions\row_stack.hpp">
      <Filter>Header Files</Filter>
    </ClInclude>
    <ClInclude Include="includes\NumCpp\Functions\select.hpp">
      <Filter>Header Files</Filter>
    </ClInclude>
    <ClInclude Include="includes\NumCpp\Functions\setdiff1d.hpp">
      <Filter>Header Files</Filter>
    </ClInclude>
    <ClInclude Include="includes\NumCpp\Functions\shape.hpp">
      <Filter>Header Files</Filter>
    </ClInclude>
    <ClInclude Include="includes\NumCpp\Functions\sign.hpp">
      <Filter>Header Files</Filter>
    </ClInclude>
    <ClInclude Include="includes\NumCpp\Functions\signbit.hpp">
      <Filter>Header Files</Filter>
    </ClInclude>
    <ClInclude Include="includes\NumCpp\Functions\sin.hpp">
      <Filter>Header Files</Filter>
    </ClInclude>
    <ClInclude Include="includes\NumCpp\Functions\sinc.hpp">
      <Filter>Header Files</Filter>
    </ClInclude>
    <ClInclude Include="includes\NumCpp\Functions\sinh.hpp">
      <Filter>Header Files</Filter>
    </ClInclude>
    <ClInclude Include="includes\NumCpp\Functions\size.hpp">
      <Filter>Header Files</Filter>
    </ClInclude>
    <ClInclude Include="includes\NumCpp\Functions\sort.hpp">
      <Filter>Header Files</Filter>
    </ClInclude>
    <ClInclude Include="includes\NumCpp\Functions\sqrt.hpp">
      <Filter>Header Files</Filter>
    </ClInclude>
    <ClInclude Include="includes\NumCpp\Functions\square.hpp">
      <Filter>Header Files</Filter>
    </ClInclude>
    <ClInclude Include="includes\NumCpp\Functions\stack.hpp">
      <Filter>Header Files</Filter>
    </ClInclude>
    <ClInclude Include="includes\NumCpp\Functions\stdev.hpp">
      <Filter>Header Files</Filter>
    </ClInclude>
    <ClInclude Include="includes\NumCpp\Functions\subtract.hpp">
      <Filter>Header Files</Filter>
    </ClInclude>
    <ClInclude Include="includes\NumCpp\Functions\sum.hpp">
      <Filter>Header Files</Filter>
    </ClInclude>
    <ClInclude Include="includes\NumCpp\Functions\swap.hpp">
      <Filter>Header Files</Filter>
    </ClInclude>
    <ClInclude Include="includes\NumCpp\Functions\swapaxes.hpp">
      <Filter>Header Files</Filter>
    </ClInclude>
    <ClInclude Include="includes\NumCpp\Functions\swapCols.hpp">
      <Filter>Header Files</Filter>
    </ClInclude>
    <ClInclude Include="includes\NumCpp\Functions\swapRows.hpp">
      <Filter>Header Files</Filter>
    </ClInclude>
    <ClInclude Include="includes\NumCpp\Functions\take.hpp">
      <Filter>Header Files</Filter>
    </ClInclude>
    <ClInclude Include="includes\NumCpp\Functions\tan.hpp">
      <Filter>Header Files</Filter>
    </ClInclude>
    <ClInclude Include="includes\NumCpp\Functions\tanh.hpp">
      <Filter>Header Files</Filter>
    </ClInclude>
    <ClInclude Include="includes\NumCpp\Functions\tile.hpp">
      <Filter>Header Files</Filter>
    </ClInclude>
    <ClInclude Include="includes\NumCpp\Functions\tofile.hpp">
      <Filter>Header Files</Filter>
    </ClInclude>
    <ClInclude Include="includes\NumCpp\Functions\toStlVector.hpp">
      <Filter>Header Files</Filter>
    </ClInclude>
    <ClInclude Include="includes\NumCpp\Functions\trace.hpp">
      <Filter>Header Files</Filter>
    </ClInclude>
    <ClInclude Include="includes\NumCpp\Functions\transpose.hpp">
      <Filter>Header Files</Filter>
    </ClInclude>
    <ClInclude Include="includes\NumCpp\Functions\trapz.hpp">
      <Filter>Header Files</Filter>
    </ClInclude>
    <ClInclude Include="includes\NumCpp\Functions\tri.hpp">
      <Filter>Header Files</Filter>
    </ClInclude>
    <ClInclude Include="includes\NumCpp\Functions\trim_zeros.hpp">
      <Filter>Header Files</Filter>
    </ClInclude>
    <ClInclude Include="includes\NumCpp\Functions\trunc.hpp">
      <Filter>Header Files</Filter>
    </ClInclude>
    <ClInclude Include="includes\NumCpp\Functions\union1d.hpp">
      <Filter>Header Files</Filter>
    </ClInclude>
    <ClInclude Include="includes\NumCpp\Functions\unique.hpp">
      <Filter>Header Files</Filter>
    </ClInclude>
    <ClInclude Include="includes\NumCpp\Functions\unwrap.hpp">
      <Filter>Header Files</Filter>
    </ClInclude>
    <ClInclude Include="includes\NumCpp\Functions\var.hpp">
      <Filter>Header Files</Filter>
    </ClInclude>
    <ClInclude Include="includes\NumCpp\Functions\vstack.hpp">
      <Filter>Header Files</Filter>
    </ClInclude>
    <ClInclude Include="includes\NumCpp\Functions\where.hpp">
      <Filter>Header Files</Filter>
    </ClInclude>
    <ClInclude Include="includes\NumCpp\Functions\zeros.hpp">
      <Filter>Header Files</Filter>
    </ClInclude>
    <ClInclude Include="includes\NumCpp\Functions\zeros_like.hpp">
      <Filter>Header Files</Filter>
    </ClInclude>
    <ClInclude Include="includes\NumCpp\ImageProcessing\applyThreshold.hpp">
      <Filter>Header Files</Filter>
    </ClInclude>
    <ClInclude Include="includes\NumCpp\ImageProcessing\Centroid.hpp">
      <Filter>Header Files</Filter>
    </ClInclude>
    <ClInclude Include="includes\NumCpp\ImageProcessing\centroidClusters.hpp">
      <Filter>Header Files</Filter>
    </ClInclude>
    <ClInclude Include="includes\NumCpp\ImageProcessing\Cluster.hpp">
      <Filter>Header Files</Filter>
    </ClInclude>
    <ClInclude Include="includes\NumCpp\ImageProcessing\ClusterMaker.hpp">
      <Filter>Header Files</Filter>
    </ClInclude>
    <ClInclude Include="includes\NumCpp\ImageProcessing\clusterPixels.hpp">
      <Filter>Header Files</Filter>
    </ClInclude>
    <ClInclude Include="includes\NumCpp\ImageProcessing\generateCentroids.hpp">
      <Filter>Header Files</Filter>
    </ClInclude>
    <ClInclude Include="includes\NumCpp\ImageProcessing\generateThreshold.hpp">
      <Filter>Header Files</Filter>
    </ClInclude>
    <ClInclude Include="includes\NumCpp\ImageProcessing\Pixel.hpp">
      <Filter>Header Files</Filter>
    </ClInclude>
    <ClInclude Include="includes\NumCpp\ImageProcessing\windowExceedances.hpp">
      <Filter>Header Files</Filter>
    </ClInclude>
    <ClInclude Include="includes\NumCpp\Integrate\gauss_legendre.hpp">
      <Filter>Header Files</Filter>
    </ClInclude>
    <ClInclude Include="includes\NumCpp\Integrate\romberg.hpp">
      <Filter>Header Files</Filter>
    </ClInclude>
    <ClInclude Include="includes\NumCpp\Integrate\simpson.hpp">
      <Filter>Header Files</Filter>
    </ClInclude>
    <ClInclude Include="includes\NumCpp\Integrate\trapazoidal.hpp">
      <Filter>Header Files</Filter>
    </ClInclude>
    <ClInclude Include="includes\NumCpp\Linalg\svd\SVDClass.hpp">
      <Filter>Header Files</Filter>
    </ClInclude>
    <ClInclude Include="includes\NumCpp\Linalg\cholesky.hpp">
      <Filter>Header Files</Filter>
    </ClInclude>
    <ClInclude Include="includes\NumCpp\Linalg\det.hpp">
      <Filter>Header Files</Filter>
    </ClInclude>
    <ClInclude Include="includes\NumCpp\Linalg\gaussNewtonNlls.hpp">
      <Filter>Header Files</Filter>
    </ClInclude>
    <ClInclude Include="includes\NumCpp\Linalg\hat.hpp">
      <Filter>Header Files</Filter>
    </ClInclude>
    <ClInclude Include="includes\NumCpp\Linalg\inv.hpp">
      <Filter>Header Files</Filter>
    </ClInclude>
    <ClInclude Include="includes\NumCpp\Linalg\lstsq.hpp">
      <Filter>Header Files</Filter>
    </ClInclude>
    <ClInclude Include="includes\NumCpp\Linalg\lu_decomposition.hpp">
      <Filter>Header Files</Filter>
    </ClInclude>
    <ClInclude Include="includes\NumCpp\Linalg\matrix_power.hpp">
      <Filter>Header Files</Filter>
    </ClInclude>
    <ClInclude Include="includes\NumCpp\Linalg\multi_dot.hpp">
      <Filter>Header Files</Filter>
    </ClInclude>
    <ClInclude Include="includes\NumCpp\Linalg\pinv.hpp">
      <Filter>Header Files</Filter>
    </ClInclude>
    <ClInclude Include="includes\NumCpp\Linalg\pivotLU_decomposition.hpp">
      <Filter>Header Files</Filter>
    </ClInclude>
    <ClInclude Include="includes\NumCpp\Linalg\solve.hpp">
      <Filter>Header Files</Filter>
    </ClInclude>
    <ClInclude Include="includes\NumCpp\Linalg\svd.hpp">
      <Filter>Header Files</Filter>
    </ClInclude>
    <ClInclude Include="includes\NumCpp\NdArray\NdArrayCore.hpp">
      <Filter>Header Files</Filter>
    </ClInclude>
    <ClInclude Include="includes\NumCpp\NdArray\NdArrayIterators.hpp">
      <Filter>Header Files</Filter>
    </ClInclude>
    <ClInclude Include="includes\NumCpp\NdArray\NdArrayOperators.hpp">
      <Filter>Header Files</Filter>
    </ClInclude>
    <ClInclude Include="includes\NumCpp\Polynomial\chebyshev_t.hpp">
      <Filter>Header Files</Filter>
    </ClInclude>
    <ClInclude Include="includes\NumCpp\Polynomial\chebyshev_u.hpp">
      <Filter>Header Files</Filter>
    </ClInclude>
    <ClInclude Include="includes\NumCpp\Polynomial\hermite.hpp">
      <Filter>Header Files</Filter>
    </ClInclude>
    <ClInclude Include="includes\NumCpp\Polynomial\laguerre.hpp">
      <Filter>Header Files</Filter>
    </ClInclude>
    <ClInclude Include="includes\NumCpp\Polynomial\legendre_p.hpp">
      <Filter>Header Files</Filter>
    </ClInclude>
    <ClInclude Include="includes\NumCpp\Polynomial\legendre_q.hpp">
      <Filter>Header Files</Filter>
    </ClInclude>
    <ClInclude Include="includes\NumCpp\Polynomial\Poly1d.hpp">
      <Filter>Header Files</Filter>
    </ClInclude>
    <ClInclude Include="includes\NumCpp\Polynomial\spherical_harmonic.hpp">
      <Filter>Header Files</Filter>
    </ClInclude>
    <ClInclude Include="includes\NumCpp\PythonInterface\BoostInterface.hpp">
      <Filter>Header Files</Filter>
    </ClInclude>
    <ClInclude Include="includes\NumCpp\PythonInterface\BoostNumpyNdarrayHelper.hpp">
      <Filter>Header Files</Filter>
    </ClInclude>
    <ClInclude Include="includes\NumCpp\PythonInterface\PybindInterface.hpp">
      <Filter>Header Files</Filter>
    </ClInclude>
    <ClInclude Include="includes\NumCpp\Random\bernoulli.hpp">
      <Filter>Header Files</Filter>
    </ClInclude>
    <ClInclude Include="includes\NumCpp\Random\beta.hpp">
      <Filter>Header Files</Filter>
    </ClInclude>
    <ClInclude Include="includes\NumCpp\Random\binomial.hpp">
      <Filter>Header Files</Filter>
    </ClInclude>
    <ClInclude Include="includes\NumCpp\Random\cauchy.hpp">
      <Filter>Header Files</Filter>
    </ClInclude>
    <ClInclude Include="includes\NumCpp\Random\chiSquare.hpp">
      <Filter>Header Files</Filter>
    </ClInclude>
    <ClInclude Include="includes\NumCpp\Random\choice.hpp">
      <Filter>Header Files</Filter>
    </ClInclude>
    <ClInclude Include="includes\NumCpp\Random\discrete.hpp">
      <Filter>Header Files</Filter>
    </ClInclude>
    <ClInclude Include="includes\NumCpp\Random\exponential.hpp">
      <Filter>Header Files</Filter>
    </ClInclude>
    <ClInclude Include="includes\NumCpp\Random\extremeValue.hpp">
      <Filter>Header Files</Filter>
    </ClInclude>
    <ClInclude Include="includes\NumCpp\Random\f.hpp">
      <Filter>Header Files</Filter>
    </ClInclude>
    <ClInclude Include="includes\NumCpp\Random\gamma.hpp">
      <Filter>Header Files</Filter>
    </ClInclude>
    <ClInclude Include="includes\NumCpp\Random\generator.hpp">
      <Filter>Header Files</Filter>
    </ClInclude>
    <ClInclude Include="includes\NumCpp\Random\geometric.hpp">
      <Filter>Header Files</Filter>
    </ClInclude>
    <ClInclude Include="includes\NumCpp\Random\laplace.hpp">
      <Filter>Header Files</Filter>
    </ClInclude>
    <ClInclude Include="includes\NumCpp\Random\lognormal.hpp">
      <Filter>Header Files</Filter>
    </ClInclude>
    <ClInclude Include="includes\NumCpp\Random\negativeBinomial.hpp">
      <Filter>Header Files</Filter>
    </ClInclude>
    <ClInclude Include="includes\NumCpp\Random\nonCentralChiSquared.hpp">
      <Filter>Header Files</Filter>
    </ClInclude>
    <ClInclude Include="includes\NumCpp\Random\normal.hpp">
      <Filter>Header Files</Filter>
    </ClInclude>
    <ClInclude Include="includes\NumCpp\Random\permutation.hpp">
      <Filter>Header Files</Filter>
    </ClInclude>
    <ClInclude Include="includes\NumCpp\Random\poisson.hpp">
      <Filter>Header Files</Filter>
    </ClInclude>
    <ClInclude Include="includes\NumCpp\Random\rand.hpp">
      <Filter>Header Files</Filter>
    </ClInclude>
    <ClInclude Include="includes\NumCpp\Random\randFloat.hpp">
      <Filter>Header Files</Filter>
    </ClInclude>
    <ClInclude Include="includes\NumCpp\Random\randInt.hpp">
      <Filter>Header Files</Filter>
    </ClInclude>
    <ClInclude Include="includes\NumCpp\Random\randN.hpp">
      <Filter>Header Files</Filter>
    </ClInclude>
    <ClInclude Include="includes\NumCpp\Random\RNG.hpp">
      <Filter>Header Files</Filter>
    </ClInclude>
    <ClInclude Include="includes\NumCpp\Random\shuffle.hpp">
      <Filter>Header Files</Filter>
    </ClInclude>
    <ClInclude Include="includes\NumCpp\Random\standardNormal.hpp">
      <Filter>Header Files</Filter>
    </ClInclude>
    <ClInclude Include="includes\NumCpp\Random\studentT.hpp">
      <Filter>Header Files</Filter>
    </ClInclude>
    <ClInclude Include="includes\NumCpp\Random\triangle.hpp">
      <Filter>Header Files</Filter>
    </ClInclude>
    <ClInclude Include="includes\NumCpp\Random\uniform.hpp">
      <Filter>Header Files</Filter>
    </ClInclude>
    <ClInclude Include="includes\NumCpp\Random\uniformOnSphere.hpp">
      <Filter>Header Files</Filter>
    </ClInclude>
    <ClInclude Include="includes\NumCpp\Random\weibull.hpp">
      <Filter>Header Files</Filter>
    </ClInclude>
    <ClInclude Include="includes\NumCpp\Roots\Bisection.hpp">
      <Filter>Header Files</Filter>
    </ClInclude>
    <ClInclude Include="includes\NumCpp\Roots\Brent.hpp">
      <Filter>Header Files</Filter>
    </ClInclude>
    <ClInclude Include="includes\NumCpp\Roots\Dekker.hpp">
      <Filter>Header Files</Filter>
    </ClInclude>
    <ClInclude Include="includes\NumCpp\Roots\Iteration.hpp">
      <Filter>Header Files</Filter>
    </ClInclude>
    <ClInclude Include="includes\NumCpp\Roots\Newton.hpp">
      <Filter>Header Files</Filter>
    </ClInclude>
    <ClInclude Include="includes\NumCpp\Roots\Secant.hpp">
      <Filter>Header Files</Filter>
    </ClInclude>
    <ClInclude Include="includes\NumCpp\Rotations\DCM.hpp">
      <Filter>Header Files</Filter>
    </ClInclude>
    <ClInclude Include="includes\NumCpp\Rotations\Quaternion.hpp">
      <Filter>Header Files</Filter>
    </ClInclude>
    <ClInclude Include="includes\NumCpp\Rotations\rodriguesRotation.hpp">
      <Filter>Header Files</Filter>
    </ClInclude>
    <ClInclude Include="includes\NumCpp\Rotations\wahbasProblem.hpp">
      <Filter>Header Files</Filter>
    </ClInclude>
    <ClInclude Include="includes\NumCpp\Special\airy_ai.hpp">
      <Filter>Header Files</Filter>
    </ClInclude>
    <ClInclude Include="includes\NumCpp\Special\airy_ai_prime.hpp">
      <Filter>Header Files</Filter>
    </ClInclude>
    <ClInclude Include="includes\NumCpp\Special\airy_bi.hpp">
      <Filter>Header Files</Filter>
    </ClInclude>
    <ClInclude Include="includes\NumCpp\Special\airy_bi_prime.hpp">
      <Filter>Header Files</Filter>
    </ClInclude>
    <ClInclude Include="includes\NumCpp\Special\bernoulli.hpp">
      <Filter>Header Files</Filter>
    </ClInclude>
    <ClInclude Include="includes\NumCpp\Special\bessel_in.hpp">
      <Filter>Header Files</Filter>
    </ClInclude>
    <ClInclude Include="includes\NumCpp\Special\bessel_in_prime.hpp">
      <Filter>Header Files</Filter>
    </ClInclude>
    <ClInclude Include="includes\NumCpp\Special\bessel_jn.hpp">
      <Filter>Header Files</Filter>
    </ClInclude>
    <ClInclude Include="includes\NumCpp\Special\bessel_jn_prime.hpp">
      <Filter>Header Files</Filter>
    </ClInclude>
    <ClInclude Include="includes\NumCpp\Special\bessel_kn.hpp">
      <Filter>Header Files</Filter>
    </ClInclude>
    <ClInclude Include="includes\NumCpp\Special\bessel_kn_prime.hpp">
      <Filter>Header Files</Filter>
    </ClInclude>
    <ClInclude Include="includes\NumCpp\Special\bessel_yn.hpp">
      <Filter>Header Files</Filter>
    </ClInclude>
    <ClInclude Include="includes\NumCpp\Special\bessel_yn_prime.hpp">
      <Filter>Header Files</Filter>
    </ClInclude>
    <ClInclude Include="includes\NumCpp\Special\beta.hpp">
      <Filter>Header Files</Filter>
    </ClInclude>
    <ClInclude Include="includes\NumCpp\Special\cnr.hpp">
      <Filter>Header Files</Filter>
    </ClInclude>
    <ClInclude Include="includes\NumCpp\Special\comp_ellint_1.hpp">
      <Filter>Header Files</Filter>
    </ClInclude>
    <ClInclude Include="includes\NumCpp\Special\comp_ellint_2.hpp">
      <Filter>Header Files</Filter>
    </ClInclude>
    <ClInclude Include="includes\NumCpp\Special\comp_ellint_3.hpp">
      <Filter>Header Files</Filter>
    </ClInclude>
    <ClInclude Include="includes\NumCpp\Special\cyclic_hankel_1.hpp">
      <Filter>Header Files</Filter>
    </ClInclude>
    <ClInclude Include="includes\NumCpp\Special\cyclic_hankel_2.hpp">
      <Filter>Header Files</Filter>
    </ClInclude>
    <ClInclude Include="includes\NumCpp\Special\digamma.hpp">
      <Filter>Header Files</Filter>
    </ClInclude>
    <ClInclude Include="includes\NumCpp\Special\ellint_1.hpp">
      <Filter>Header Files</Filter>
    </ClInclude>
    <ClInclude Include="includes\NumCpp\Special\ellint_2.hpp">
      <Filter>Header Files</Filter>
    </ClInclude>
    <ClInclude Include="includes\NumCpp\Special\ellint_3.hpp">
      <Filter>Header Files</Filter>
    </ClInclude>
    <ClInclude Include="includes\NumCpp\Special\erf.hpp">
      <Filter>Header Files</Filter>
    </ClInclude>
    <ClInclude Include="includes\NumCpp\Special\erf_inv.hpp">
      <Filter>Header Files</Filter>
    </ClInclude>
    <ClInclude Include="includes\NumCpp\Special\erfc.hpp">
      <Filter>Header Files</Filter>
    </ClInclude>
    <ClInclude Include="includes\NumCpp\Special\erfc_inv.hpp">
      <Filter>Header Files</Filter>
    </ClInclude>
    <ClInclude Include="includes\NumCpp\Special\expint.hpp">
      <Filter>Header Files</Filter>
    </ClInclude>
    <ClInclude Include="includes\NumCpp\Special\factorial.hpp">
      <Filter>Header Files</Filter>
    </ClInclude>
    <ClInclude Include="includes\NumCpp\Special\gamma.hpp">
      <Filter>Header Files</Filter>
    </ClInclude>
    <ClInclude Include="includes\NumCpp\Special\gamma1pm1.hpp">
      <Filter>Header Files</Filter>
    </ClInclude>
    <ClInclude Include="includes\NumCpp\Special\log_gamma.hpp">
      <Filter>Header Files</Filter>
    </ClInclude>
    <ClInclude Include="includes\NumCpp\Special\pnr.hpp">
      <Filter>Header Files</Filter>
    </ClInclude>
    <ClInclude Include="includes\NumCpp\Special\polygamma.hpp">
      <Filter>Header Files</Filter>
    </ClInclude>
    <ClInclude Include="includes\NumCpp\Special\prime.hpp">
      <Filter>Header Files</Filter>
    </ClInclude>
    <ClInclude Include="includes\NumCpp\Special\riemann_zeta.hpp">
      <Filter>Header Files</Filter>
    </ClInclude>
    <ClInclude Include="includes\NumCpp\Special\softmax.hpp">
      <Filter>Header Files</Filter>
    </ClInclude>
    <ClInclude Include="includes\NumCpp\Special\spherical_bessel_jn.hpp">
      <Filter>Header Files</Filter>
    </ClInclude>
    <ClInclude Include="includes\NumCpp\Special\spherical_bessel_yn.hpp">
      <Filter>Header Files</Filter>
    </ClInclude>
    <ClInclude Include="includes\NumCpp\Special\spherical_hankel_1.hpp">
      <Filter>Header Files</Filter>
    </ClInclude>
    <ClInclude Include="includes\NumCpp\Special\spherical_hankel_2.hpp">
      <Filter>Header Files</Filter>
    </ClInclude>
    <ClInclude Include="includes\NumCpp\Special\trigamma.hpp">
      <Filter>Header Files</Filter>
    </ClInclude>
    <ClInclude Include="includes\NumCpp\Utils\cube.hpp">
      <Filter>Header Files</Filter>
    </ClInclude>
    <ClInclude Include="includes\NumCpp\Utils\essentiallyEqual.hpp">
      <Filter>Header Files</Filter>
    </ClInclude>
    <ClInclude Include="includes\NumCpp\Utils\gaussian.hpp">
      <Filter>Header Files</Filter>
    </ClInclude>
    <ClInclude Include="includes\NumCpp\Utils\gaussian1d.hpp">
      <Filter>Header Files</Filter>
    </ClInclude>
    <ClInclude Include="includes\NumCpp\Utils\interp.hpp">
      <Filter>Header Files</Filter>
    </ClInclude>
    <ClInclude Include="includes\NumCpp\Utils\num2str.hpp">
      <Filter>Header Files</Filter>
    </ClInclude>
    <ClInclude Include="includes\NumCpp\Utils\power.hpp">
      <Filter>Header Files</Filter>
    </ClInclude>
    <ClInclude Include="includes\NumCpp\Utils\powerf.hpp">
      <Filter>Header Files</Filter>
    </ClInclude>
    <ClInclude Include="includes\NumCpp\Utils\sqr.hpp">
      <Filter>Header Files</Filter>
    </ClInclude>
    <ClInclude Include="includes\NumCpp\Utils\value2str.hpp">
      <Filter>Header Files</Filter>
    </ClInclude>
    <ClInclude Include="includes\NumCpp\Vector\Vec2.hpp">
      <Filter>Header Files</Filter>
    </ClInclude>
    <ClInclude Include="includes\NumCpp\Vector\Vec3.hpp">
      <Filter>Header Files</Filter>
    </ClInclude>
    <ClInclude Include="includes\NumCpp\Coordinates.hpp">
      <Filter>Header Files</Filter>
    </ClInclude>
    <ClInclude Include="includes\NumCpp\Core.hpp">
      <Filter>Header Files</Filter>
    </ClInclude>
    <ClInclude Include="includes\NumCpp\Filter.hpp">
      <Filter>Header Files</Filter>
    </ClInclude>
    <ClInclude Include="includes\NumCpp\Functions.hpp">
      <Filter>Header Files</Filter>
    </ClInclude>
    <ClInclude Include="includes\NumCpp\ImageProcessing.hpp">
      <Filter>Header Files</Filter>
    </ClInclude>
    <ClInclude Include="includes\NumCpp\Integrate.hpp">
      <Filter>Header Files</Filter>
    </ClInclude>
    <ClInclude Include="includes\NumCpp\Linalg.hpp">
      <Filter>Header Files</Filter>
    </ClInclude>
    <ClInclude Include="includes\NumCpp\NdArray.hpp">
      <Filter>Header Files</Filter>
    </ClInclude>
    <ClInclude Include="includes\NumCpp\Polynomial.hpp">
      <Filter>Header Files</Filter>
    </ClInclude>
    <ClInclude Include="includes\NumCpp\PythonInterface.hpp">
      <Filter>Header Files</Filter>
    </ClInclude>
    <ClInclude Include="includes\NumCpp\Random.hpp">
      <Filter>Header Files</Filter>
    </ClInclude>
    <ClInclude Include="includes\NumCpp\Roots.hpp">
      <Filter>Header Files</Filter>
    </ClInclude>
    <ClInclude Include="includes\NumCpp\Rotations.hpp">
      <Filter>Header Files</Filter>
    </ClInclude>
    <ClInclude Include="includes\NumCpp\Special.hpp">
      <Filter>Header Files</Filter>
    </ClInclude>
    <ClInclude Include="includes\NumCpp\Utils.hpp">
      <Filter>Header Files</Filter>
    </ClInclude>
    <ClInclude Include="includes\NumCpp\Vector.hpp">
      <Filter>Header Files</Filter>
    </ClInclude>
    <ClInclude Include="src\pch.h">
      <Filter>Header Files</Filter>
    </ClInclude>
    <ClInclude Include="src\aerofoil.hpp">
      <Filter>Header Files</Filter>
    </ClInclude>
    <ClInclude Include="src\viewer.hpp">
      <Filter>Header Files</Filter>
    </ClInclude>
    <ClInclude Include="src\vlm.hpp">
      <Filter>Header Files</Filter>
    </ClInclude>
    <ClInclude Include="includes\utils\algorithms.hpp">
      <Filter>Header Files</Filter>
    </ClInclude>
    <ClInclude Include="includes\utils\colourmap.hpp">
      <Filter>Header Files</Filter>
    </ClInclude>
    <ClInclude Include="includes\indicators.hpp">
      <Filter>Header Files</Filter>
    </ClInclude>
    <ClInclude Include="src\wake.hpp">
      <Filter>Header Files</Filter>
    </ClInclude>
  </ItemGroup>
  <ItemGroup>
    <Font Include="resources\fonts\Segoe UI.ttf" />
  </ItemGroup>
</Project>